
Microsoft Visual Studio Solution File, Format Version 12.00
# Visual Studio Version 16
VisualStudioVersion = 16.0.31025.194
MinimumVisualStudioVersion = 10.0.40219.1
Project("{FAE04EC0-301F-11D3-BF4B-00C04F79EFBC}") = "CavernRemoteCGI", "CavernRemoteCGI\CavernRemoteCGI.csproj", "{6B983AB4-76D4-4CAC-A7C2-5F1DD389FEBD}"
EndProject
Global
	GlobalSection(SolutionConfigurationPlatforms) = preSolution
		Debug|Any CPU = Debug|Any CPU
		Release|Any CPU = Release|Any CPU
	EndGlobalSection
	GlobalSection(ProjectConfigurationPlatforms) = postSolution
		{6B983AB4-76D4-4CAC-A7C2-5F1DD389FEBD}.Debug|Any CPU.ActiveCfg = Debug|Any CPU
		{6B983AB4-76D4-4CAC-A7C2-5F1DD389FEBD}.Debug|Any CPU.Build.0 = Debug|Any CPU
		{6B983AB4-76D4-4CAC-A7C2-5F1DD389FEBD}.Release|Any CPU.ActiveCfg = Release|Any CPU
		{6B983AB4-76D4-4CAC-A7C2-5F1DD389FEBD}.Release|Any CPU.Build.0 = Release|Any CPU
	EndGlobalSection
	GlobalSection(SolutionProperties) = preSolution
		HideSolutionNode = FALSE
	EndGlobalSection
	GlobalSection(ExtensibilityGlobals) = postSolution
		SolutionGuid = {7FBF4459-C626-407D-BC2B-849109612653}
	EndGlobalSection
EndGlobal
